// !$*UTF8*$!
{
	archiveVersion = 1;
	classes = {
	};
	objectVersion = 56;
	objects = {

/* Begin PBXBuildFile section */
		0455A9B02B0CADE300C86E0A /* AppDelegate.swift in Sources */ = {isa = PBXBuildFile; fileRef = 0455A9AF2B0CADE300C86E0A /* AppDelegate.swift */; };
		0455A9B22B0CADE300C86E0A /* SceneDelegate.swift in Sources */ = {isa = PBXBuildFile; fileRef = 0455A9B12B0CADE300C86E0A /* SceneDelegate.swift */; };
		0455A9B42B0CADE300C86E0A /* ViewController.swift in Sources */ = {isa = PBXBuildFile; fileRef = 0455A9B32B0CADE300C86E0A /* ViewController.swift */; };
		0455A9B72B0CADE300C86E0A /* Main.storyboard in Resources */ = {isa = PBXBuildFile; fileRef = 0455A9B52B0CADE300C86E0A /* Main.storyboard */; };
		0455A9B92B0CADE500C86E0A /* Assets.xcassets in Resources */ = {isa = PBXBuildFile; fileRef = 0455A9B82B0CADE500C86E0A /* Assets.xcassets */; };
		0455A9BC2B0CADE500C86E0A /* LaunchScreen.storyboard in Resources */ = {isa = PBXBuildFile; fileRef = 0455A9BA2B0CADE500C86E0A /* LaunchScreen.storyboard */; };
		0455A9F82B0CAF6E00C86E0A /* BottomSheetController.xib in Resources */ = {isa = PBXBuildFile; fileRef = 0455A9CB2B0CAF6E00C86E0A /* BottomSheetController.xib */; };
		0455A9F92B0CAF6E00C86E0A /* BottomSheetController.swift in Sources */ = {isa = PBXBuildFile; fileRef = 0455A9CC2B0CAF6E00C86E0A /* BottomSheetController.swift */; };
		0455A9FC2B0CAF6E00C86E0A /* Extention+UICollectionView.swift in Sources */ = {isa = PBXBuildFile; fileRef = 0455A9D12B0CAF6E00C86E0A /* Extention+UICollectionView.swift */; };
		0455A9FD2B0CAF6E00C86E0A /* Extention+UIviewController.swift in Sources */ = {isa = PBXBuildFile; fileRef = 0455A9D22B0CAF6E00C86E0A /* Extention+UIviewController.swift */; };
		0455A9FE2B0CAF6E00C86E0A /* Extention+String.swift in Sources */ = {isa = PBXBuildFile; fileRef = 0455A9D32B0CAF6E00C86E0A /* Extention+String.swift */; };
		0455A9FF2B0CAF6E00C86E0A /* Extention+UIImageView.swift in Sources */ = {isa = PBXBuildFile; fileRef = 0455A9D42B0CAF6E00C86E0A /* Extention+UIImageView.swift */; };
		0455AA002B0CAF6E00C86E0A /* Extention+Date.swift in Sources */ = {isa = PBXBuildFile; fileRef = 0455A9D52B0CAF6E00C86E0A /* Extention+Date.swift */; };
		0455AA012B0CAF6E00C86E0A /* Extention+UiView.swift in Sources */ = {isa = PBXBuildFile; fileRef = 0455A9D62B0CAF6E00C86E0A /* Extention+UiView.swift */; };
		0455AA022B0CAF6E00C86E0A /* Extention+UITapGestureRecognizer.swift in Sources */ = {isa = PBXBuildFile; fileRef = 0455A9D72B0CAF6E00C86E0A /* Extention+UITapGestureRecognizer.swift */; };
		0455AA032B0CAF6E00C86E0A /* Extention+UItableView.swift in Sources */ = {isa = PBXBuildFile; fileRef = 0455A9D82B0CAF6E00C86E0A /* Extention+UItableView.swift */; };
		0455AA042B0CAF6E00C86E0A /* Extention+Uilable.swift in Sources */ = {isa = PBXBuildFile; fileRef = 0455A9D92B0CAF6E00C86E0A /* Extention+Uilable.swift */; };
		0455AA052B0CAF6E00C86E0A /* Utils.swift in Sources */ = {isa = PBXBuildFile; fileRef = 0455A9DB2B0CAF6E00C86E0A /* Utils.swift */; };
		0455AA0D2B0CAF6E00C86E0A /* UserDefault.swift in Sources */ = {isa = PBXBuildFile; fileRef = 0455A9E92B0CAF6E00C86E0A /* UserDefault.swift */; };
		0455AA0E2B0CAF6E00C86E0A /* Globals.swift in Sources */ = {isa = PBXBuildFile; fileRef = 0455A9F32B0CAF6E00C86E0A /* Globals.swift */; };
		0455AA0F2B0CAF6E00C86E0A /* API.swift in Sources */ = {isa = PBXBuildFile; fileRef = 0455A9F52B0CAF6E00C86E0A /* API.swift */; };
		0455AA102B0CAF6E00C86E0A /* AppLayout.swift in Sources */ = {isa = PBXBuildFile; fileRef = 0455A9F72B0CAF6E00C86E0A /* AppLayout.swift */; };
		0455AA172B0CB10200C86E0A /* IQKeyboardManagerSwift in Frameworks */ = {isa = PBXBuildFile; productRef = 0455AA162B0CB10200C86E0A /* IQKeyboardManagerSwift */; };
		0455AA1A2B0CB10F00C86E0A /* MBProgressHUD in Frameworks */ = {isa = PBXBuildFile; productRef = 0455AA192B0CB10F00C86E0A /* MBProgressHUD */; };
		0455AA1D2B0CB12300C86E0A /* RswiftLibrary in Frameworks */ = {isa = PBXBuildFile; productRef = 0455AA1C2B0CB12300C86E0A /* RswiftLibrary */; };
		0455AA1F2B0CB12300C86E0A /* rswift in Frameworks */ = {isa = PBXBuildFile; productRef = 0455AA1E2B0CB12300C86E0A /* rswift */; };
		0455AA222B0CB13900C86E0A /* SDWebImage in Frameworks */ = {isa = PBXBuildFile; productRef = 0455AA212B0CB13900C86E0A /* SDWebImage */; };
		0455AA242B0CB1D800C86E0A /* BaseVc.swift in Sources */ = {isa = PBXBuildFile; fileRef = 0455AA232B0CB1D800C86E0A /* BaseVc.swift */; };
		0455AA2E2B0CBD3800C86E0A /* BaseVm.swift in Sources */ = {isa = PBXBuildFile; fileRef = 0455AA2C2B0CBD3800C86E0A /* BaseVm.swift */; };
		0455AA362B0CBD5C00C86E0A /* NetworkManager.swift in Sources */ = {isa = PBXBuildFile; fileRef = 0455AA322B0CBD5B00C86E0A /* NetworkManager.swift */; };
		0455AA372B0CBD5C00C86E0A /* NetworkService.swift in Sources */ = {isa = PBXBuildFile; fileRef = 0455AA332B0CBD5B00C86E0A /* NetworkService.swift */; };
		0455AA382B0CBD5C00C86E0A /* ImagePickerManager.swift in Sources */ = {isa = PBXBuildFile; fileRef = 0455AA352B0CBD5C00C86E0A /* ImagePickerManager.swift */; };
		0455AA3A2B0CC00C00C86E0A /* MainModel.swift in Sources */ = {isa = PBXBuildFile; fileRef = 0455AA392B0CC00C00C86E0A /* MainModel.swift */; };
		0455AA402B0CC05200C86E0A /* MainCell.swift in Sources */ = {isa = PBXBuildFile; fileRef = 0455AA3E2B0CC05200C86E0A /* MainCell.swift */; };
		0455AA412B0CC05200C86E0A /* MainCell.xib in Resources */ = {isa = PBXBuildFile; fileRef = 0455AA3F2B0CC05200C86E0A /* MainCell.xib */; };
		0455AA442B0CC38A00C86E0A /* HeaderTitleCell.swift in Sources */ = {isa = PBXBuildFile; fileRef = 0455AA422B0CC38A00C86E0A /* HeaderTitleCell.swift */; };
		0455AA452B0CC38A00C86E0A /* HeaderTitleCell.xib in Resources */ = {isa = PBXBuildFile; fileRef = 0455AA432B0CC38A00C86E0A /* HeaderTitleCell.xib */; };
		38D291DB2B0E4D6400AC5C5A /* APIProtocol.swift in Sources */ = {isa = PBXBuildFile; fileRef = 38D291D52B0E4D6300AC5C5A /* APIProtocol.swift */; };
		38D291DC2B0E4D6400AC5C5A /* APIService.swift in Sources */ = {isa = PBXBuildFile; fileRef = 38D291D62B0E4D6300AC5C5A /* APIService.swift */; };
		38D291DD2B0E4D6400AC5C5A /* Ext.swift in Sources */ = {isa = PBXBuildFile; fileRef = 38D291D82B0E4D6300AC5C5A /* Ext.swift */; };
		38D291DE2B0E4D6400AC5C5A /* Enums.swift in Sources */ = {isa = PBXBuildFile; fileRef = 38D291DA2B0E4D6300AC5C5A /* Enums.swift */; };
		38D291E02B0E4F0000AC5C5A /* ViewModel.swift in Sources */ = {isa = PBXBuildFile; fileRef = 38D291DF2B0E4F0000AC5C5A /* ViewModel.swift */; };
		38D291E52B0E60AD00AC5C5A /* Extention+UIWindow.swift in Sources */ = {isa = PBXBuildFile; fileRef = 38D291E42B0E60AD00AC5C5A /* Extention+UIWindow.swift */; };
		38D291E82B0E68A200AC5C5A /* Extention+UINavigationController.swift in Sources */ = {isa = PBXBuildFile; fileRef = 38D291E72B0E68A100AC5C5A /* Extention+UINavigationController.swift */; };
/* End PBXBuildFile section */

/* Begin PBXFileReference section */
		0455A9AC2B0CADE300C86E0A /* SwiftBoilerPlate.app */ = {isa = PBXFileReference; explicitFileType = wrapper.application; includeInIndex = 0; path = SwiftBoilerPlate.app; sourceTree = BUILT_PRODUCTS_DIR; };
		0455A9AF2B0CADE300C86E0A /* AppDelegate.swift */ = {isa = PBXFileReference; lastKnownFileType = sourcecode.swift; path = AppDelegate.swift; sourceTree = "<group>"; };
		0455A9B12B0CADE300C86E0A /* SceneDelegate.swift */ = {isa = PBXFileReference; lastKnownFileType = sourcecode.swift; path = SceneDelegate.swift; sourceTree = "<group>"; };
		0455A9B32B0CADE300C86E0A /* ViewController.swift */ = {isa = PBXFileReference; lastKnownFileType = sourcecode.swift; path = ViewController.swift; sourceTree = "<group>"; };
		0455A9B62B0CADE300C86E0A /* Base */ = {isa = PBXFileReference; lastKnownFileType = file.storyboard; name = Base; path = Base.lproj/Main.storyboard; sourceTree = "<group>"; };
		0455A9B82B0CADE500C86E0A /* Assets.xcassets */ = {isa = PBXFileReference; lastKnownFileType = folder.assetcatalog; path = Assets.xcassets; sourceTree = "<group>"; };
		0455A9BB2B0CADE500C86E0A /* Base */ = {isa = PBXFileReference; lastKnownFileType = file.storyboard; name = Base; path = Base.lproj/LaunchScreen.storyboard; sourceTree = "<group>"; };
		0455A9BD2B0CADE500C86E0A /* Info.plist */ = {isa = PBXFileReference; lastKnownFileType = text.plist.xml; path = Info.plist; sourceTree = "<group>"; };
		0455A9CB2B0CAF6E00C86E0A /* BottomSheetController.xib */ = {isa = PBXFileReference; fileEncoding = 4; lastKnownFileType = file.xib; path = BottomSheetController.xib; sourceTree = "<group>"; };
		0455A9CC2B0CAF6E00C86E0A /* BottomSheetController.swift */ = {isa = PBXFileReference; fileEncoding = 4; lastKnownFileType = sourcecode.swift; path = BottomSheetController.swift; sourceTree = "<group>"; };
		0455A9D12B0CAF6E00C86E0A /* Extention+UICollectionView.swift */ = {isa = PBXFileReference; fileEncoding = 4; lastKnownFileType = sourcecode.swift; path = "Extention+UICollectionView.swift"; sourceTree = "<group>"; };
		0455A9D22B0CAF6E00C86E0A /* Extention+UIviewController.swift */ = {isa = PBXFileReference; fileEncoding = 4; lastKnownFileType = sourcecode.swift; path = "Extention+UIviewController.swift"; sourceTree = "<group>"; };
		0455A9D32B0CAF6E00C86E0A /* Extention+String.swift */ = {isa = PBXFileReference; fileEncoding = 4; lastKnownFileType = sourcecode.swift; path = "Extention+String.swift"; sourceTree = "<group>"; };
		0455A9D42B0CAF6E00C86E0A /* Extention+UIImageView.swift */ = {isa = PBXFileReference; fileEncoding = 4; lastKnownFileType = sourcecode.swift; path = "Extention+UIImageView.swift"; sourceTree = "<group>"; };
		0455A9D52B0CAF6E00C86E0A /* Extention+Date.swift */ = {isa = PBXFileReference; fileEncoding = 4; lastKnownFileType = sourcecode.swift; path = "Extention+Date.swift"; sourceTree = "<group>"; };
		0455A9D62B0CAF6E00C86E0A /* Extention+UiView.swift */ = {isa = PBXFileReference; fileEncoding = 4; lastKnownFileType = sourcecode.swift; path = "Extention+UiView.swift"; sourceTree = "<group>"; };
		0455A9D72B0CAF6E00C86E0A /* Extention+UITapGestureRecognizer.swift */ = {isa = PBXFileReference; fileEncoding = 4; lastKnownFileType = sourcecode.swift; path = "Extention+UITapGestureRecognizer.swift"; sourceTree = "<group>"; };
		0455A9D82B0CAF6E00C86E0A /* Extention+UItableView.swift */ = {isa = PBXFileReference; fileEncoding = 4; lastKnownFileType = sourcecode.swift; path = "Extention+UItableView.swift"; sourceTree = "<group>"; };
		0455A9D92B0CAF6E00C86E0A /* Extention+Uilable.swift */ = {isa = PBXFileReference; fileEncoding = 4; lastKnownFileType = sourcecode.swift; path = "Extention+Uilable.swift"; sourceTree = "<group>"; };
		0455A9DB2B0CAF6E00C86E0A /* Utils.swift */ = {isa = PBXFileReference; fileEncoding = 4; lastKnownFileType = sourcecode.swift; path = Utils.swift; sourceTree = "<group>"; };
		0455A9E92B0CAF6E00C86E0A /* UserDefault.swift */ = {isa = PBXFileReference; fileEncoding = 4; lastKnownFileType = sourcecode.swift; path = UserDefault.swift; sourceTree = "<group>"; };
		0455A9F32B0CAF6E00C86E0A /* Globals.swift */ = {isa = PBXFileReference; fileEncoding = 4; lastKnownFileType = sourcecode.swift; path = Globals.swift; sourceTree = "<group>"; };
		0455A9F52B0CAF6E00C86E0A /* API.swift */ = {isa = PBXFileReference; fileEncoding = 4; lastKnownFileType = sourcecode.swift; path = API.swift; sourceTree = "<group>"; };
		0455A9F72B0CAF6E00C86E0A /* AppLayout.swift */ = {isa = PBXFileReference; fileEncoding = 4; lastKnownFileType = sourcecode.swift; path = AppLayout.swift; sourceTree = "<group>"; };
		0455AA232B0CB1D800C86E0A /* BaseVc.swift */ = {isa = PBXFileReference; fileEncoding = 4; lastKnownFileType = sourcecode.swift; path = BaseVc.swift; sourceTree = "<group>"; };
		0455AA2C2B0CBD3800C86E0A /* BaseVm.swift */ = {isa = PBXFileReference; fileEncoding = 4; lastKnownFileType = sourcecode.swift; path = BaseVm.swift; sourceTree = "<group>"; };
		0455AA322B0CBD5B00C86E0A /* NetworkManager.swift */ = {isa = PBXFileReference; fileEncoding = 4; lastKnownFileType = sourcecode.swift; path = NetworkManager.swift; sourceTree = "<group>"; };
		0455AA332B0CBD5B00C86E0A /* NetworkService.swift */ = {isa = PBXFileReference; fileEncoding = 4; lastKnownFileType = sourcecode.swift; path = NetworkService.swift; sourceTree = "<group>"; };
		0455AA352B0CBD5C00C86E0A /* ImagePickerManager.swift */ = {isa = PBXFileReference; fileEncoding = 4; lastKnownFileType = sourcecode.swift; path = ImagePickerManager.swift; sourceTree = "<group>"; };
		0455AA392B0CC00C00C86E0A /* MainModel.swift */ = {isa = PBXFileReference; lastKnownFileType = sourcecode.swift; path = MainModel.swift; sourceTree = "<group>"; };
		0455AA3E2B0CC05200C86E0A /* MainCell.swift */ = {isa = PBXFileReference; lastKnownFileType = sourcecode.swift; path = MainCell.swift; sourceTree = "<group>"; };
		0455AA3F2B0CC05200C86E0A /* MainCell.xib */ = {isa = PBXFileReference; lastKnownFileType = file.xib; path = MainCell.xib; sourceTree = "<group>"; };
		0455AA422B0CC38A00C86E0A /* HeaderTitleCell.swift */ = {isa = PBXFileReference; fileEncoding = 4; lastKnownFileType = sourcecode.swift; path = HeaderTitleCell.swift; sourceTree = "<group>"; };
		0455AA432B0CC38A00C86E0A /* HeaderTitleCell.xib */ = {isa = PBXFileReference; fileEncoding = 4; lastKnownFileType = file.xib; path = HeaderTitleCell.xib; sourceTree = "<group>"; };
		38D291D52B0E4D6300AC5C5A /* APIProtocol.swift */ = {isa = PBXFileReference; fileEncoding = 4; lastKnownFileType = sourcecode.swift; path = APIProtocol.swift; sourceTree = "<group>"; };
		38D291D62B0E4D6300AC5C5A /* APIService.swift */ = {isa = PBXFileReference; fileEncoding = 4; lastKnownFileType = sourcecode.swift; path = APIService.swift; sourceTree = "<group>"; };
		38D291D82B0E4D6300AC5C5A /* Ext.swift */ = {isa = PBXFileReference; fileEncoding = 4; lastKnownFileType = sourcecode.swift; path = Ext.swift; sourceTree = "<group>"; };
		38D291DA2B0E4D6300AC5C5A /* Enums.swift */ = {isa = PBXFileReference; fileEncoding = 4; lastKnownFileType = sourcecode.swift; path = Enums.swift; sourceTree = "<group>"; };
		38D291DF2B0E4F0000AC5C5A /* ViewModel.swift */ = {isa = PBXFileReference; lastKnownFileType = sourcecode.swift; path = ViewModel.swift; sourceTree = "<group>"; };
		38D291E42B0E60AD00AC5C5A /* Extention+UIWindow.swift */ = {isa = PBXFileReference; lastKnownFileType = sourcecode.swift; path = "Extention+UIWindow.swift"; sourceTree = "<group>"; };
		38D291E72B0E68A100AC5C5A /* Extention+UINavigationController.swift */ = {isa = PBXFileReference; lastKnownFileType = sourcecode.swift; path = "Extention+UINavigationController.swift"; sourceTree = "<group>"; };
/* End PBXFileReference section */

/* Begin PBXFrameworksBuildPhase section */
		0455A9A92B0CADE300C86E0A /* Frameworks */ = {
			isa = PBXFrameworksBuildPhase;
			buildActionMask = 2147483647;
			files = (
				0455AA1A2B0CB10F00C86E0A /* MBProgressHUD in Frameworks */,
				0455AA1F2B0CB12300C86E0A /* rswift in Frameworks */,
				0455AA172B0CB10200C86E0A /* IQKeyboardManagerSwift in Frameworks */,
				0455AA1D2B0CB12300C86E0A /* RswiftLibrary in Frameworks */,
				0455AA222B0CB13900C86E0A /* SDWebImage in Frameworks */,
			);
			runOnlyForDeploymentPostprocessing = 0;
		};
/* End PBXFrameworksBuildPhase section */

/* Begin PBXGroup section */
		0455A9A32B0CADE300C86E0A = {
			isa = PBXGroup;
			children = (
				0455A9AE2B0CADE300C86E0A /* SwiftBoilerPlate */,
				0455A9AD2B0CADE300C86E0A /* Products */,
			);
			sourceTree = "<group>";
		};
		0455A9AD2B0CADE300C86E0A /* Products */ = {
			isa = PBXGroup;
			children = (
				0455A9AC2B0CADE300C86E0A /* SwiftBoilerPlate.app */,
			);
			name = Products;
			sourceTree = "<group>";
		};
		0455A9AE2B0CADE300C86E0A /* SwiftBoilerPlate */ = {
			isa = PBXGroup;
			children = (
				0455A9C32B0CADED00C86E0A /* App */,
				0455A9C42B0CADF400C86E0A /* Resource */,
				0455A9C52B0CADFE00C86E0A /* Modules */,
				0455A9C62B0CAE0C00C86E0A /* Storyboards */,
				0455AA302B0CBD5B00C86E0A /* Managers */,
				0455A9C92B0CAF6E00C86E0A /* Heplers */,
				0455A9BD2B0CADE500C86E0A /* Info.plist */,
			);
			path = SwiftBoilerPlate;
			sourceTree = "<group>";
		};
		0455A9C32B0CADED00C86E0A /* App */ = {
			isa = PBXGroup;
			children = (
				0455A9AF2B0CADE300C86E0A /* AppDelegate.swift */,
				0455A9B12B0CADE300C86E0A /* SceneDelegate.swift */,
			);
			path = App;
			sourceTree = "<group>";
		};
		0455A9C42B0CADF400C86E0A /* Resource */ = {
			isa = PBXGroup;
			children = (
				0455A9B82B0CADE500C86E0A /* Assets.xcassets */,
			);
			path = Resource;
			sourceTree = "<group>";
		};
		0455A9C52B0CADFE00C86E0A /* Modules */ = {
			isa = PBXGroup;
			children = (
				0455AA112B0CAFC000C86E0A /* Cell */,
				0455AA122B0CAFC600C86E0A /* View */,
				0455AA132B0CAFCD00C86E0A /* Model */,
				0455AA2A2B0CBD3800C86E0A /* ViewModel */,
			);
			path = Modules;
			sourceTree = "<group>";
		};
		0455A9C62B0CAE0C00C86E0A /* Storyboards */ = {
			isa = PBXGroup;
			children = (
				0455A9B52B0CADE300C86E0A /* Main.storyboard */,
				0455A9BA2B0CADE500C86E0A /* LaunchScreen.storyboard */,
			);
			path = Storyboards;
			sourceTree = "<group>";
		};
		0455A9C92B0CAF6E00C86E0A /* Heplers */ = {
			isa = PBXGroup;
			children = (
				0455A9CA2B0CAF6E00C86E0A /* BottomSheetController */,
				0455A9D02B0CAF6E00C86E0A /* Extension */,
				0455A9DA2B0CAF6E00C86E0A /* Classes */,
				0455A9E82B0CAF6E00C86E0A /* PropertWrapper */,
				0455A9F22B0CAF6E00C86E0A /* GlobalVariables */,
				38D291D42B0E4D6300AC5C5A /* Network */,
				0455A9F42B0CAF6E00C86E0A /* API */,
				0455A9F62B0CAF6E00C86E0A /* AppLayout */,
			);
			path = Heplers;
			sourceTree = "<group>";
		};
		0455A9CA2B0CAF6E00C86E0A /* BottomSheetController */ = {
			isa = PBXGroup;
			children = (
				0455A9CB2B0CAF6E00C86E0A /* BottomSheetController.xib */,
				0455A9CC2B0CAF6E00C86E0A /* BottomSheetController.swift */,
			);
			path = BottomSheetController;
			sourceTree = "<group>";
		};
		0455A9D02B0CAF6E00C86E0A /* Extension */ = {
			isa = PBXGroup;
			children = (
				0455A9D12B0CAF6E00C86E0A /* Extention+UICollectionView.swift */,
				0455A9D22B0CAF6E00C86E0A /* Extention+UIviewController.swift */,
				0455A9D32B0CAF6E00C86E0A /* Extention+String.swift */,
				0455A9D42B0CAF6E00C86E0A /* Extention+UIImageView.swift */,
				0455A9D52B0CAF6E00C86E0A /* Extention+Date.swift */,
				0455A9D62B0CAF6E00C86E0A /* Extention+UiView.swift */,
				0455A9D72B0CAF6E00C86E0A /* Extention+UITapGestureRecognizer.swift */,
				0455A9D82B0CAF6E00C86E0A /* Extention+UItableView.swift */,
				0455A9D92B0CAF6E00C86E0A /* Extention+Uilable.swift */,
				38D291E42B0E60AD00AC5C5A /* Extention+UIWindow.swift */,
				38D291E72B0E68A100AC5C5A /* Extention+UINavigationController.swift */,
			);
			path = Extension;
			sourceTree = "<group>";
		};
		0455A9DA2B0CAF6E00C86E0A /* Classes */ = {
			isa = PBXGroup;
			children = (
				0455A9DB2B0CAF6E00C86E0A /* Utils.swift */,
			);
			path = Classes;
			sourceTree = "<group>";
		};
		0455A9E82B0CAF6E00C86E0A /* PropertWrapper */ = {
			isa = PBXGroup;
			children = (
				0455A9E92B0CAF6E00C86E0A /* UserDefault.swift */,
			);
			path = PropertWrapper;
			sourceTree = "<group>";
		};
		0455A9F22B0CAF6E00C86E0A /* GlobalVariables */ = {
			isa = PBXGroup;
			children = (
				0455A9F32B0CAF6E00C86E0A /* Globals.swift */,
			);
			path = GlobalVariables;
			sourceTree = "<group>";
		};
		0455A9F42B0CAF6E00C86E0A /* API */ = {
			isa = PBXGroup;
			children = (
				0455A9F52B0CAF6E00C86E0A /* API.swift */,
			);
			path = API;
			sourceTree = "<group>";
		};
		0455A9F62B0CAF6E00C86E0A /* AppLayout */ = {
			isa = PBXGroup;
			children = (
				0455A9F72B0CAF6E00C86E0A /* AppLayout.swift */,
			);
			path = AppLayout;
			sourceTree = "<group>";
		};
		0455AA112B0CAFC000C86E0A /* Cell */ = {
			isa = PBXGroup;
			children = (
				0455AA3C2B0CC02F00C86E0A /* CollectionViewCell */,
			);
			path = Cell;
			sourceTree = "<group>";
		};
		0455AA122B0CAFC600C86E0A /* View */ = {
			isa = PBXGroup;
			children = (
				0455AA232B0CB1D800C86E0A /* BaseVc.swift */,
				0455A9B32B0CADE300C86E0A /* ViewController.swift */,
			);
			path = View;
			sourceTree = "<group>";
		};
		0455AA132B0CAFCD00C86E0A /* Model */ = {
			isa = PBXGroup;
			children = (
				0455AA392B0CC00C00C86E0A /* MainModel.swift */,
			);
			path = Model;
			sourceTree = "<group>";
		};
		0455AA2A2B0CBD3800C86E0A /* ViewModel */ = {
			isa = PBXGroup;
			children = (
				0455AA2C2B0CBD3800C86E0A /* BaseVm.swift */,
				38D291DF2B0E4F0000AC5C5A /* ViewModel.swift */,
			);
			path = ViewModel;
			sourceTree = "<group>";
		};
		0455AA302B0CBD5B00C86E0A /* Managers */ = {
			isa = PBXGroup;
			children = (
				0455AA312B0CBD5B00C86E0A /* NetworkManager */,
				0455AA342B0CBD5C00C86E0A /* ImagePickerManager */,
			);
			path = Managers;
			sourceTree = "<group>";
		};
		0455AA312B0CBD5B00C86E0A /* NetworkManager */ = {
			isa = PBXGroup;
			children = (
				0455AA322B0CBD5B00C86E0A /* NetworkManager.swift */,
				0455AA332B0CBD5B00C86E0A /* NetworkService.swift */,
			);
			path = NetworkManager;
			sourceTree = "<group>";
		};
		0455AA342B0CBD5C00C86E0A /* ImagePickerManager */ = {
			isa = PBXGroup;
			children = (
				0455AA352B0CBD5C00C86E0A /* ImagePickerManager.swift */,
			);
			path = ImagePickerManager;
			sourceTree = "<group>";
		};
		0455AA3C2B0CC02F00C86E0A /* CollectionViewCell */ = {
			isa = PBXGroup;
			children = (
				0455AA422B0CC38A00C86E0A /* HeaderTitleCell.swift */,
				0455AA432B0CC38A00C86E0A /* HeaderTitleCell.xib */,
				0455AA3E2B0CC05200C86E0A /* MainCell.swift */,
				0455AA3F2B0CC05200C86E0A /* MainCell.xib */,
			);
			path = CollectionViewCell;
			sourceTree = "<group>";
		};
		38D291D42B0E4D6300AC5C5A /* Network */ = {
			isa = PBXGroup;
			children = (
				38D291D52B0E4D6300AC5C5A /* APIProtocol.swift */,
				38D291D62B0E4D6300AC5C5A /* APIService.swift */,
				38D291D72B0E4D6300AC5C5A /* Ext */,
				38D291D92B0E4D6300AC5C5A /* Enum */,
			);
			path = Network;
			sourceTree = "<group>";
		};
		38D291D72B0E4D6300AC5C5A /* Ext */ = {
			isa = PBXGroup;
			children = (
				38D291D82B0E4D6300AC5C5A /* Ext.swift */,
			);
			path = Ext;
			sourceTree = "<group>";
		};
		38D291D92B0E4D6300AC5C5A /* Enum */ = {
			isa = PBXGroup;
			children = (
				38D291DA2B0E4D6300AC5C5A /* Enums.swift */,
			);
			path = Enum;
			sourceTree = "<group>";
		};
/* End PBXGroup section */

/* Begin PBXNativeTarget section */
		0455A9AB2B0CADE300C86E0A /* SwiftBoilerPlate */ = {
			isa = PBXNativeTarget;
			buildConfigurationList = 0455A9C02B0CADE500C86E0A /* Build configuration list for PBXNativeTarget "SwiftBoilerPlate" */;
			buildPhases = (
				0455A9A82B0CADE300C86E0A /* Sources */,
				0455A9A92B0CADE300C86E0A /* Frameworks */,
				0455A9AA2B0CADE300C86E0A /* Resources */,
			);
			buildRules = (
			);
			dependencies = (
				0455AA262B0CBAFE00C86E0A /* PBXTargetDependency */,
			);
			name = SwiftBoilerPlate;
			packageProductDependencies = (
				0455AA162B0CB10200C86E0A /* IQKeyboardManagerSwift */,
				0455AA192B0CB10F00C86E0A /* MBProgressHUD */,
				0455AA1C2B0CB12300C86E0A /* RswiftLibrary */,
				0455AA1E2B0CB12300C86E0A /* rswift */,
				0455AA212B0CB13900C86E0A /* SDWebImage */,
			);
			productName = BoilerPlate;
			productReference = 0455A9AC2B0CADE300C86E0A /* SwiftBoilerPlate.app */;
			productType = "com.apple.product-type.application";
		};
/* End PBXNativeTarget section */

/* Begin PBXProject section */
		0455A9A42B0CADE300C86E0A /* Project object */ = {
			isa = PBXProject;
			attributes = {
				BuildIndependentTargetsInParallel = 1;
				LastSwiftUpdateCheck = 1430;
				LastUpgradeCheck = 1430;
				TargetAttributes = {
					0455A9AB2B0CADE300C86E0A = {
						CreatedOnToolsVersion = 14.3.1;
					};
				};
			};
			buildConfigurationList = 0455A9A72B0CADE300C86E0A /* Build configuration list for PBXProject "SwiftBoilerPlate" */;
			compatibilityVersion = "Xcode 14.0";
			developmentRegion = en;
			hasScannedForEncodings = 0;
			knownRegions = (
				en,
				Base,
			);
			mainGroup = 0455A9A32B0CADE300C86E0A;
			packageReferences = (
				0455AA152B0CB10200C86E0A /* XCRemoteSwiftPackageReference "IQKeyboardManager" */,
				0455AA182B0CB10F00C86E0A /* XCRemoteSwiftPackageReference "MBProgressHUD" */,
				0455AA1B2B0CB12300C86E0A /* XCRemoteSwiftPackageReference "R.swift" */,
				0455AA202B0CB13900C86E0A /* XCRemoteSwiftPackageReference "SDWebImage" */,
			);
			productRefGroup = 0455A9AD2B0CADE300C86E0A /* Products */;
			projectDirPath = "";
			projectRoot = "";
			targets = (
				0455A9AB2B0CADE300C86E0A /* SwiftBoilerPlate */,
			);
		};
/* End PBXProject section */

/* Begin PBXResourcesBuildPhase section */
		0455A9AA2B0CADE300C86E0A /* Resources */ = {
			isa = PBXResourcesBuildPhase;
			buildActionMask = 2147483647;
			files = (
				0455A9F82B0CAF6E00C86E0A /* BottomSheetController.xib in Resources */,
				0455A9BC2B0CADE500C86E0A /* LaunchScreen.storyboard in Resources */,
				0455A9B92B0CADE500C86E0A /* Assets.xcassets in Resources */,
				0455A9B72B0CADE300C86E0A /* Main.storyboard in Resources */,
				0455AA412B0CC05200C86E0A /* MainCell.xib in Resources */,
				0455AA452B0CC38A00C86E0A /* HeaderTitleCell.xib in Resources */,
			);
			runOnlyForDeploymentPostprocessing = 0;
		};
/* End PBXResourcesBuildPhase section */

/* Begin PBXSourcesBuildPhase section */
		0455A9A82B0CADE300C86E0A /* Sources */ = {
			isa = PBXSourcesBuildPhase;
			buildActionMask = 2147483647;
			files = (
				0455A9F92B0CAF6E00C86E0A /* BottomSheetController.swift in Sources */,
				0455A9FC2B0CAF6E00C86E0A /* Extention+UICollectionView.swift in Sources */,
				0455A9FE2B0CAF6E00C86E0A /* Extention+String.swift in Sources */,
				0455AA022B0CAF6E00C86E0A /* Extention+UITapGestureRecognizer.swift in Sources */,
				0455AA002B0CAF6E00C86E0A /* Extention+Date.swift in Sources */,
				0455A9FF2B0CAF6E00C86E0A /* Extention+UIImageView.swift in Sources */,
				0455A9FD2B0CAF6E00C86E0A /* Extention+UIviewController.swift in Sources */,
				0455AA052B0CAF6E00C86E0A /* Utils.swift in Sources */,
				0455AA0F2B0CAF6E00C86E0A /* API.swift in Sources */,
				0455AA402B0CC05200C86E0A /* MainCell.swift in Sources */,
				0455AA0D2B0CAF6E00C86E0A /* UserDefault.swift in Sources */,
				0455A9B42B0CADE300C86E0A /* ViewController.swift in Sources */,
				0455AA242B0CB1D800C86E0A /* BaseVc.swift in Sources */,
				38D291DB2B0E4D6400AC5C5A /* APIProtocol.swift in Sources */,
				0455AA042B0CAF6E00C86E0A /* Extention+Uilable.swift in Sources */,
				0455AA2E2B0CBD3800C86E0A /* BaseVm.swift in Sources */,
				0455AA0E2B0CAF6E00C86E0A /* Globals.swift in Sources */,
				0455AA442B0CC38A00C86E0A /* HeaderTitleCell.swift in Sources */,
				38D291E52B0E60AD00AC5C5A /* Extention+UIWindow.swift in Sources */,
				0455AA012B0CAF6E00C86E0A /* Extention+UiView.swift in Sources */,
				0455A9B02B0CADE300C86E0A /* AppDelegate.swift in Sources */,
				38D291E82B0E68A200AC5C5A /* Extention+UINavigationController.swift in Sources */,
				0455AA102B0CAF6E00C86E0A /* AppLayout.swift in Sources */,
				0455AA032B0CAF6E00C86E0A /* Extention+UItableView.swift in Sources */,
				38D291E02B0E4F0000AC5C5A /* ViewModel.swift in Sources */,
				38D291DE2B0E4D6400AC5C5A /* Enums.swift in Sources */,
				38D291DC2B0E4D6400AC5C5A /* APIService.swift in Sources */,
				0455AA362B0CBD5C00C86E0A /* NetworkManager.swift in Sources */,
				0455AA382B0CBD5C00C86E0A /* ImagePickerManager.swift in Sources */,
				0455AA3A2B0CC00C00C86E0A /* MainModel.swift in Sources */,
				38D291DD2B0E4D6400AC5C5A /* Ext.swift in Sources */,
				0455A9B22B0CADE300C86E0A /* SceneDelegate.swift in Sources */,
				0455AA372B0CBD5C00C86E0A /* NetworkService.swift in Sources */,
			);
			runOnlyForDeploymentPostprocessing = 0;
		};
/* End PBXSourcesBuildPhase section */

/* Begin PBXTargetDependency section */
		0455AA262B0CBAFE00C86E0A /* PBXTargetDependency */ = {
			isa = PBXTargetDependency;
			productRef = 0455AA252B0CBAFE00C86E0A /* RswiftGenerateInternalResources */;
		};
/* End PBXTargetDependency section */

/* Begin PBXVariantGroup section */
		0455A9B52B0CADE300C86E0A /* Main.storyboard */ = {
			isa = PBXVariantGroup;
			children = (
				0455A9B62B0CADE300C86E0A /* Base */,
			);
			name = Main.storyboard;
			sourceTree = "<group>";
		};
		0455A9BA2B0CADE500C86E0A /* LaunchScreen.storyboard */ = {
			isa = PBXVariantGroup;
			children = (
				0455A9BB2B0CADE500C86E0A /* Base */,
			);
			name = LaunchScreen.storyboard;
			sourceTree = "<group>";
		};
/* End PBXVariantGroup section */

/* Begin XCBuildConfiguration section */
		0455A9BE2B0CADE500C86E0A /* Debug */ = {
			isa = XCBuildConfiguration;
			buildSettings = {
				ALWAYS_SEARCH_USER_PATHS = NO;
				CLANG_ANALYZER_NONNULL = YES;
				CLANG_ANALYZER_NUMBER_OBJECT_CONVERSION = YES_AGGRESSIVE;
				CLANG_CXX_LANGUAGE_STANDARD = "gnu++20";
				CLANG_ENABLE_MODULES = YES;
				CLANG_ENABLE_OBJC_ARC = YES;
				CLANG_ENABLE_OBJC_WEAK = YES;
				CLANG_WARN_BLOCK_CAPTURE_AUTORELEASING = YES;
				CLANG_WARN_BOOL_CONVERSION = YES;
				CLANG_WARN_COMMA = YES;
				CLANG_WARN_CONSTANT_CONVERSION = YES;
				CLANG_WARN_DEPRECATED_OBJC_IMPLEMENTATIONS = YES;
				CLANG_WARN_DIRECT_OBJC_ISA_USAGE = YES_ERROR;
				CLANG_WARN_DOCUMENTATION_COMMENTS = YES;
				CLANG_WARN_EMPTY_BODY = YES;
				CLANG_WARN_ENUM_CONVERSION = YES;
				CLANG_WARN_INFINITE_RECURSION = YES;
				CLANG_WARN_INT_CONVERSION = YES;
				CLANG_WARN_NON_LITERAL_NULL_CONVERSION = YES;
				CLANG_WARN_OBJC_IMPLICIT_RETAIN_SELF = YES;
				CLANG_WARN_OBJC_LITERAL_CONVERSION = YES;
				CLANG_WARN_OBJC_ROOT_CLASS = YES_ERROR;
				CLANG_WARN_QUOTED_INCLUDE_IN_FRAMEWORK_HEADER = YES;
				CLANG_WARN_RANGE_LOOP_ANALYSIS = YES;
				CLANG_WARN_STRICT_PROTOTYPES = YES;
				CLANG_WARN_SUSPICIOUS_MOVE = YES;
				CLANG_WARN_UNGUARDED_AVAILABILITY = YES_AGGRESSIVE;
				CLANG_WARN_UNREACHABLE_CODE = YES;
				CLANG_WARN__DUPLICATE_METHOD_MATCH = YES;
				COPY_PHASE_STRIP = NO;
				DEBUG_INFORMATION_FORMAT = dwarf;
				ENABLE_STRICT_OBJC_MSGSEND = YES;
				ENABLE_TESTABILITY = YES;
				GCC_C_LANGUAGE_STANDARD = gnu11;
				GCC_DYNAMIC_NO_PIC = NO;
				GCC_NO_COMMON_BLOCKS = YES;
				GCC_OPTIMIZATION_LEVEL = 0;
				GCC_PREPROCESSOR_DEFINITIONS = (
					"DEBUG=1",
					"$(inherited)",
				);
				GCC_WARN_64_TO_32_BIT_CONVERSION = YES;
				GCC_WARN_ABOUT_RETURN_TYPE = YES_ERROR;
				GCC_WARN_UNDECLARED_SELECTOR = YES;
				GCC_WARN_UNINITIALIZED_AUTOS = YES_AGGRESSIVE;
				GCC_WARN_UNUSED_FUNCTION = YES;
				GCC_WARN_UNUSED_VARIABLE = YES;
				IPHONEOS_DEPLOYMENT_TARGET = 15.0;
				MTL_ENABLE_DEBUG_INFO = INCLUDE_SOURCE;
				MTL_FAST_MATH = YES;
				ONLY_ACTIVE_ARCH = YES;
				SDKROOT = iphoneos;
				SWIFT_ACTIVE_COMPILATION_CONDITIONS = DEBUG;
				SWIFT_OPTIMIZATION_LEVEL = "-Onone";
			};
			name = Debug;
		};
		0455A9BF2B0CADE500C86E0A /* Release */ = {
			isa = XCBuildConfiguration;
			buildSettings = {
				ALWAYS_SEARCH_USER_PATHS = NO;
				CLANG_ANALYZER_NONNULL = YES;
				CLANG_ANALYZER_NUMBER_OBJECT_CONVERSION = YES_AGGRESSIVE;
				CLANG_CXX_LANGUAGE_STANDARD = "gnu++20";
				CLANG_ENABLE_MODULES = YES;
				CLANG_ENABLE_OBJC_ARC = YES;
				CLANG_ENABLE_OBJC_WEAK = YES;
				CLANG_WARN_BLOCK_CAPTURE_AUTORELEASING = YES;
				CLANG_WARN_BOOL_CONVERSION = YES;
				CLANG_WARN_COMMA = YES;
				CLANG_WARN_CONSTANT_CONVERSION = YES;
				CLANG_WARN_DEPRECATED_OBJC_IMPLEMENTATIONS = YES;
				CLANG_WARN_DIRECT_OBJC_ISA_USAGE = YES_ERROR;
				CLANG_WARN_DOCUMENTATION_COMMENTS = YES;
				CLANG_WARN_EMPTY_BODY = YES;
				CLANG_WARN_ENUM_CONVERSION = YES;
				CLANG_WARN_INFINITE_RECURSION = YES;
				CLANG_WARN_INT_CONVERSION = YES;
				CLANG_WARN_NON_LITERAL_NULL_CONVERSION = YES;
				CLANG_WARN_OBJC_IMPLICIT_RETAIN_SELF = YES;
				CLANG_WARN_OBJC_LITERAL_CONVERSION = YES;
				CLANG_WARN_OBJC_ROOT_CLASS = YES_ERROR;
				CLANG_WARN_QUOTED_INCLUDE_IN_FRAMEWORK_HEADER = YES;
				CLANG_WARN_RANGE_LOOP_ANALYSIS = YES;
				CLANG_WARN_STRICT_PROTOTYPES = YES;
				CLANG_WARN_SUSPICIOUS_MOVE = YES;
				CLANG_WARN_UNGUARDED_AVAILABILITY = YES_AGGRESSIVE;
				CLANG_WARN_UNREACHABLE_CODE = YES;
				CLANG_WARN__DUPLICATE_METHOD_MATCH = YES;
				COPY_PHASE_STRIP = NO;
				DEBUG_INFORMATION_FORMAT = "dwarf-with-dsym";
				ENABLE_NS_ASSERTIONS = NO;
				ENABLE_STRICT_OBJC_MSGSEND = YES;
				GCC_C_LANGUAGE_STANDARD = gnu11;
				GCC_NO_COMMON_BLOCKS = YES;
				GCC_WARN_64_TO_32_BIT_CONVERSION = YES;
				GCC_WARN_ABOUT_RETURN_TYPE = YES_ERROR;
				GCC_WARN_UNDECLARED_SELECTOR = YES;
				GCC_WARN_UNINITIALIZED_AUTOS = YES_AGGRESSIVE;
				GCC_WARN_UNUSED_FUNCTION = YES;
				GCC_WARN_UNUSED_VARIABLE = YES;
				IPHONEOS_DEPLOYMENT_TARGET = 15.0;
				MTL_ENABLE_DEBUG_INFO = NO;
				MTL_FAST_MATH = YES;
				SDKROOT = iphoneos;
				SWIFT_COMPILATION_MODE = wholemodule;
				SWIFT_OPTIMIZATION_LEVEL = "-O";
				VALIDATE_PRODUCT = YES;
			};
			name = Release;
		};
		0455A9C12B0CADE500C86E0A /* Debug */ = {
			isa = XCBuildConfiguration;
			buildSettings = {
				ASSETCATALOG_COMPILER_APPICON_NAME = AppIcon;
				ASSETCATALOG_COMPILER_GLOBAL_ACCENT_COLOR_NAME = AccentColor;
				CODE_SIGN_STYLE = Automatic;
				CURRENT_PROJECT_VERSION = 1;
				GENERATE_INFOPLIST_FILE = YES;
				INFOPLIST_FILE = SwiftBoilerPlate/Info.plist;
				INFOPLIST_KEY_UIApplicationSupportsIndirectInputEvents = YES;
				INFOPLIST_KEY_UILaunchStoryboardName = LaunchScreen;
				INFOPLIST_KEY_UIMainStoryboardFile = Main;
				INFOPLIST_KEY_UISupportedInterfaceOrientations_iPad = "UIInterfaceOrientationPortrait UIInterfaceOrientationPortraitUpsideDown UIInterfaceOrientationLandscapeLeft UIInterfaceOrientationLandscapeRight";
				INFOPLIST_KEY_UISupportedInterfaceOrientations_iPhone = "UIInterfaceOrientationPortrait UIInterfaceOrientationLandscapeLeft UIInterfaceOrientationLandscapeRight";
				LD_RUNPATH_SEARCH_PATHS = (
					"$(inherited)",
					"@executable_path/Frameworks",
				);
				MARKETING_VERSION = 1.0;
				PRODUCT_BUNDLE_IDENTIFIER = com.app.BoilerPlate;
				PRODUCT_NAME = "$(TARGET_NAME)";
				SWIFT_EMIT_LOC_STRINGS = YES;
				SWIFT_VERSION = 5.0;
				TARGETED_DEVICE_FAMILY = "1,2";
			};
			name = Debug;
		};
		0455A9C22B0CADE500C86E0A /* Release */ = {
			isa = XCBuildConfiguration;
			buildSettings = {
				ASSETCATALOG_COMPILER_APPICON_NAME = AppIcon;
				ASSETCATALOG_COMPILER_GLOBAL_ACCENT_COLOR_NAME = AccentColor;
				CODE_SIGN_STYLE = Automatic;
				CURRENT_PROJECT_VERSION = 1;
				GENERATE_INFOPLIST_FILE = YES;
				INFOPLIST_FILE = SwiftBoilerPlate/Info.plist;
				INFOPLIST_KEY_UIApplicationSupportsIndirectInputEvents = YES;
				INFOPLIST_KEY_UILaunchStoryboardName = LaunchScreen;
				INFOPLIST_KEY_UIMainStoryboardFile = Main;
				INFOPLIST_KEY_UISupportedInterfaceOrientations_iPad = "UIInterfaceOrientationPortrait UIInterfaceOrientationPortraitUpsideDown UIInterfaceOrientationLandscapeLeft UIInterfaceOrientationLandscapeRight";
				INFOPLIST_KEY_UISupportedInterfaceOrientations_iPhone = "UIInterfaceOrientationPortrait UIInterfaceOrientationLandscapeLeft UIInterfaceOrientationLandscapeRight";
				LD_RUNPATH_SEARCH_PATHS = (
					"$(inherited)",
					"@executable_path/Frameworks",
				);
				MARKETING_VERSION = 1.0;
				PRODUCT_BUNDLE_IDENTIFIER = com.app.BoilerPlate;
				PRODUCT_NAME = "$(TARGET_NAME)";
				SWIFT_EMIT_LOC_STRINGS = YES;
				SWIFT_VERSION = 5.0;
				TARGETED_DEVICE_FAMILY = "1,2";
			};
			name = Release;
		};
/* End XCBuildConfiguration section */

/* Begin XCConfigurationList section */
		0455A9A72B0CADE300C86E0A /* Build configuration list for PBXProject "SwiftBoilerPlate" */ = {
			isa = XCConfigurationList;
			buildConfigurations = (
				0455A9BE2B0CADE500C86E0A /* Debug */,
				0455A9BF2B0CADE500C86E0A /* Release */,
			);
			defaultConfigurationIsVisible = 0;
			defaultConfigurationName = Release;
		};
		0455A9C02B0CADE500C86E0A /* Build configuration list for PBXNativeTarget "SwiftBoilerPlate" */ = {
			isa = XCConfigurationList;
			buildConfigurations = (
				0455A9C12B0CADE500C86E0A /* Debug */,
				0455A9C22B0CADE500C86E0A /* Release */,
			);
			defaultConfigurationIsVisible = 0;
			defaultConfigurationName = Release;
		};
/* End XCConfigurationList section */

/* Begin XCRemoteSwiftPackageReference section */
		0455AA152B0CB10200C86E0A /* XCRemoteSwiftPackageReference "IQKeyboardManager" */ = {
			isa = XCRemoteSwiftPackageReference;
			repositoryURL = "https://github.com/hackiftekhar/IQKeyboardManager";
			requirement = {
				kind = upToNextMajorVersion;
				minimumVersion = 6.0.0;
			};
		};
		0455AA182B0CB10F00C86E0A /* XCRemoteSwiftPackageReference "MBProgressHUD" */ = {
			isa = XCRemoteSwiftPackageReference;
			repositoryURL = "https://github.com/jdg/MBProgressHUD";
			requirement = {
				kind = upToNextMajorVersion;
				minimumVersion = 1.0.0;
			};
		};
		0455AA1B2B0CB12300C86E0A /* XCRemoteSwiftPackageReference "R.swift" */ = {
			isa = XCRemoteSwiftPackageReference;
			repositoryURL = "https://github.com/mac-cain13/R.swift.git";
			requirement = {
				kind = upToNextMajorVersion;
				minimumVersion = 7.0.0;
			};
		};
		0455AA202B0CB13900C86E0A /* XCRemoteSwiftPackageReference "SDWebImage" */ = {
			isa = XCRemoteSwiftPackageReference;
			repositoryURL = "https://github.com/SDWebImage/SDWebImage";
			requirement = {
				kind = upToNextMajorVersion;
				minimumVersion = 5.0.0;
			};
		};
/* End XCRemoteSwiftPackageReference section */

/* Begin XCSwiftPackageProductDependency section */
		0455AA162B0CB10200C86E0A /* IQKeyboardManagerSwift */ = {
			isa = XCSwiftPackageProductDependency;
			package = 0455AA152B0CB10200C86E0A /* XCRemoteSwiftPackageReference "IQKeyboardManager" */;
			productName = IQKeyboardManagerSwift;
		};
		0455AA192B0CB10F00C86E0A /* MBProgressHUD */ = {
			isa = XCSwiftPackageProductDependency;
			package = 0455AA182B0CB10F00C86E0A /* XCRemoteSwiftPackageReference "MBProgressHUD" */;
			productName = MBProgressHUD;
		};
		0455AA1C2B0CB12300C86E0A /* RswiftLibrary */ = {
			isa = XCSwiftPackageProductDependency;
			package = 0455AA1B2B0CB12300C86E0A /* XCRemoteSwiftPackageReference "R.swift" */;
			productName = RswiftLibrary;
		};
		0455AA1E2B0CB12300C86E0A /* rswift */ = {
			isa = XCSwiftPackageProductDependency;
			package = 0455AA1B2B0CB12300C86E0A /* XCRemoteSwiftPackageReference "R.swift" */;
			productName = rswift;
		};
		0455AA212B0CB13900C86E0A /* SDWebImage */ = {
			isa = XCSwiftPackageProductDependency;
			package = 0455AA202B0CB13900C86E0A /* XCRemoteSwiftPackageReference "SDWebImage" */;
			productName = SDWebImage;
		};
		0455AA252B0CBAFE00C86E0A /* RswiftGenerateInternalResources */ = {
			isa = XCSwiftPackageProductDependency;
			productName = "plugin:RswiftGenerateInternalResources";
		};
/* End XCSwiftPackageProductDependency section */
	};
	rootObject = 0455A9A42B0CADE300C86E0A /* Project object */;
}
